
Microsoft Visual Studio Solution File, Format Version 12.00
# Visual Studio 15
VisualStudioVersion = 15.0.27703.2035
MinimumVisualStudioVersion = 10.0.40219.1
Project("{FAE04EC0-301F-11D3-BF4B-00C04F79EFBC}") = "Sample.Android", "Sample\Sample.Android\Sample.Android.csproj", "{C911C32B-3E6A-4E62-9D71-67200E3DEBE1}"
EndProject
Project("{FAE04EC0-301F-11D3-BF4B-00C04F79EFBC}") = "Sample.iOS", "Sample\Sample.iOS\Sample.iOS.csproj", "{6A3A61EB-9C08-4B7B-AF47-6B46B007321B}"
EndProject
Project("{FAE04EC0-301F-11D3-BF4B-00C04F79EFBC}") = "Sample.UWP", "Sample\Sample.UWP\Sample.UWP.csproj", "{E3741BF8-BC56-4901-93DB-F0D37740D20A}"
EndProject
Project("{D954291E-2A0B-460D-934E-DC6B0785DB48}") = "Sample", "Sample\Sample\Sample.shproj", "{C7C55747-09F0-4B23-9C36-A34613C75867}"
EndProject
Global
	GlobalSection(SharedMSBuildProjectFiles) = preSolution
		Sample\Sample\Sample.projitems*{6a3a61eb-9c08-4b7b-af47-6b46b007321b}*SharedItemsImports = 4
		Sample\Sample\Sample.projitems*{c7c55747-09f0-4b23-9c36-a34613c75867}*SharedItemsImports = 13
		Sample\Sample\Sample.projitems*{c911c32b-3e6a-4e62-9d71-67200e3debe1}*SharedItemsImports = 4
		Sample\Sample\Sample.projitems*{e3741bf8-bc56-4901-93db-f0d37740d20a}*SharedItemsImports = 4
	EndGlobalSection
	GlobalSection(SolutionConfigurationPlatforms) = preSolution
		Ad-Hoc|Any CPU = Ad-Hoc|Any CPU
		Ad-Hoc|ARM = Ad-Hoc|ARM
		Ad-Hoc|iPhone = Ad-Hoc|iPhone
		Ad-Hoc|iPhoneSimulator = Ad-Hoc|iPhoneSimulator
		Ad-Hoc|x64 = Ad-Hoc|x64
		Ad-Hoc|x86 = Ad-Hoc|x86
		AppStore|Any CPU = AppStore|Any CPU
		AppStore|ARM = AppStore|ARM
		AppStore|iPhone = AppStore|iPhone
		AppStore|iPhoneSimulator = AppStore|iPhoneSimulator
		AppStore|x64 = AppStore|x64
		AppStore|x86 = AppStore|x86
		Debug|Any CPU = Debug|Any CPU
		Debug|ARM = Debug|ARM
		Debug|iPhone = Debug|iPhone
		Debug|iPhoneSimulator = Debug|iPhoneSimulator
		Debug|x64 = Debug|x64
		Debug|x86 = Debug|x86
		Release|Any CPU = Release|Any CPU
		Release|ARM = Release|ARM
		Release|iPhone = Release|iPhone
		Release|iPhoneSimulator = Release|iPhoneSimulator
		Release|x64 = Release|x64
		Release|x86 = Release|x86
	EndGlobalSection
	GlobalSection(ProjectConfigurationPlatforms) = postSolution
		{C911C32B-3E6A-4E62-9D71-67200E3DEBE1}.Ad-Hoc|Any CPU.ActiveCfg = Release|Any CPU
		{C911C32B-3E6A-4E62-9D71-67200E3DEBE1}.Ad-Hoc|Any CPU.Build.0 = Release|Any CPU
		{C911C32B-3E6A-4E62-9D71-67200E3DEBE1}.Ad-Hoc|Any CPU.Deploy.0 = Release|Any CPU
		{C911C32B-3E6A-4E62-9D71-67200E3DEBE1}.Ad-Hoc|ARM.ActiveCfg = Release|Any CPU
		{C911C32B-3E6A-4E62-9D71-67200E3DEBE1}.Ad-Hoc|ARM.Build.0 = Release|Any CPU
		{C911C32B-3E6A-4E62-9D71-67200E3DEBE1}.Ad-Hoc|ARM.Deploy.0 = Release|Any CPU
		{C911C32B-3E6A-4E62-9D71-67200E3DEBE1}.Ad-Hoc|iPhone.ActiveCfg = Release|Any CPU
		{C911C32B-3E6A-4E62-9D71-67200E3DEBE1}.Ad-Hoc|iPhone.Build.0 = Release|Any CPU
		{C911C32B-3E6A-4E62-9D71-67200E3DEBE1}.Ad-Hoc|iPhone.Deploy.0 = Release|Any CPU
		{C911C32B-3E6A-4E62-9D71-67200E3DEBE1}.Ad-Hoc|iPhoneSimulator.ActiveCfg = Release|Any CPU
		{C911C32B-3E6A-4E62-9D71-67200E3DEBE1}.Ad-Hoc|iPhoneSimulator.Build.0 = Release|Any CPU
		{C911C32B-3E6A-4E62-9D71-67200E3DEBE1}.Ad-Hoc|iPhoneSimulator.Deploy.0 = Release|Any CPU
		{C911C32B-3E6A-4E62-9D71-67200E3DEBE1}.Ad-Hoc|x64.ActiveCfg = Release|Any CPU
		{C911C32B-3E6A-4E62-9D71-67200E3DEBE1}.Ad-Hoc|x64.Build.0 = Release|Any CPU
		{C911C32B-3E6A-4E62-9D71-67200E3DEBE1}.Ad-Hoc|x64.Deploy.0 = Release|Any CPU
		{C911C32B-3E6A-4E62-9D71-67200E3DEBE1}.Ad-Hoc|x86.ActiveCfg = Release|Any CPU
		{C911C32B-3E6A-4E62-9D71-67200E3DEBE1}.Ad-Hoc|x86.Build.0 = Release|Any CPU
		{C911C32B-3E6A-4E62-9D71-67200E3DEBE1}.Ad-Hoc|x86.Deploy.0 = Release|Any CPU
		{C911C32B-3E6A-4E62-9D71-67200E3DEBE1}.AppStore|Any CPU.ActiveCfg = Release|Any CPU
		{C911C32B-3E6A-4E62-9D71-67200E3DEBE1}.AppStore|Any CPU.Build.0 = Release|Any CPU
		{C911C32B-3E6A-4E62-9D71-67200E3DEBE1}.AppStore|Any CPU.Deploy.0 = Release|Any CPU
		{C911C32B-3E6A-4E62-9D71-67200E3DEBE1}.AppStore|ARM.ActiveCfg = Release|Any CPU
		{C911C32B-3E6A-4E62-9D71-67200E3DEBE1}.AppStore|ARM.Build.0 = Release|Any CPU
		{C911C32B-3E6A-4E62-9D71-67200E3DEBE1}.AppStore|ARM.Deploy.0 = Release|Any CPU
		{C911C32B-3E6A-4E62-9D71-67200E3DEBE1}.AppStore|iPhone.ActiveCfg = Release|Any CPU
		{C911C32B-3E6A-4E62-9D71-67200E3DEBE1}.AppStore|iPhone.Build.0 = Release|Any CPU
		{C911C32B-3E6A-4E62-9D71-67200E3DEBE1}.AppStore|iPhone.Deploy.0 = Release|Any CPU
		{C911C32B-3E6A-4E62-9D71-67200E3DEBE1}.AppStore|iPhoneSimulator.ActiveCfg = Release|Any CPU
		{C911C32B-3E6A-4E62-9D71-67200E3DEBE1}.AppStore|iPhoneSimulator.Build.0 = Release|Any CPU
		{C911C32B-3E6A-4E62-9D71-67200E3DEBE1}.AppStore|iPhoneSimulator.Deploy.0 = Release|Any CPU
		{C911C32B-3E6A-4E62-9D71-67200E3DEBE1}.AppStore|x64.ActiveCfg = Release|Any CPU
		{C911C32B-3E6A-4E62-9D71-67200E3DEBE1}.AppStore|x64.Build.0 = Release|Any CPU
		{C911C32B-3E6A-4E62-9D71-67200E3DEBE1}.AppStore|x64.Deploy.0 = Release|Any CPU
		{C911C32B-3E6A-4E62-9D71-67200E3DEBE1}.AppStore|x86.ActiveCfg = Release|Any CPU
		{C911C32B-3E6A-4E62-9D71-67200E3DEBE1}.AppStore|x86.Build.0 = Release|Any CPU
		{C911C32B-3E6A-4E62-9D71-67200E3DEBE1}.AppStore|x86.Deploy.0 = Release|Any CPU
		{C911C32B-3E6A-4E62-9D71-67200E3DEBE1}.Debug|Any CPU.ActiveCfg = Debug|Any CPU
		{C911C32B-3E6A-4E62-9D71-67200E3DEBE1}.Debug|Any CPU.Build.0 = Debug|Any CPU
		{C911C32B-3E6A-4E62-9D71-67200E3DEBE1}.Debug|Any CPU.Deploy.0 = Debug|Any CPU
		{C911C32B-3E6A-4E62-9D71-67200E3DEBE1}.Debug|ARM.ActiveCfg = Debug|Any CPU
		{C911C32B-3E6A-4E62-9D71-67200E3DEBE1}.Debug|ARM.Build.0 = Debug|Any CPU
		{C911C32B-3E6A-4E62-9D71-67200E3DEBE1}.Debug|ARM.Deploy.0 = Debug|Any CPU
		{C911C32B-3E6A-4E62-9D71-67200E3DEBE1}.Debug|iPhone.ActiveCfg = Debug|Any CPU
		{C911C32B-3E6A-4E62-9D71-67200E3DEBE1}.Debug|iPhone.Build.0 = Debug|Any CPU
		{C911C32B-3E6A-4E62-9D71-67200E3DEBE1}.Debug|iPhone.Deploy.0 = Debug|Any CPU
		{C911C32B-3E6A-4E62-9D71-67200E3DEBE1}.Debug|iPhoneSimulator.ActiveCfg = Debug|Any CPU
		{C911C32B-3E6A-4E62-9D71-67200E3DEBE1}.Debug|iPhoneSimulator.Build.0 = Debug|Any CPU
		{C911C32B-3E6A-4E62-9D71-67200E3DEBE1}.Debug|iPhoneSimulator.Deploy.0 = Debug|Any CPU
		{C911C32B-3E6A-4E62-9D71-67200E3DEBE1}.Debug|x64.ActiveCfg = Debug|Any CPU
		{C911C32B-3E6A-4E62-9D71-67200E3DEBE1}.Debug|x64.Build.0 = Debug|Any CPU
		{C911C32B-3E6A-4E62-9D71-67200E3DEBE1}.Debug|x64.Deploy.0 = Debug|Any CPU
		{C911C32B-3E6A-4E62-9D71-67200E3DEBE1}.Debug|x86.ActiveCfg = Debug|Any CPU
		{C911C32B-3E6A-4E62-9D71-67200E3DEBE1}.Debug|x86.Build.0 = Debug|Any CPU
		{C911C32B-3E6A-4E62-9D71-67200E3DEBE1}.Debug|x86.Deploy.0 = Debug|Any CPU
		{C911C32B-3E6A-4E62-9D71-67200E3DEBE1}.Release|Any CPU.ActiveCfg = Release|Any CPU
		{C911C32B-3E6A-4E62-9D71-67200E3DEBE1}.Release|Any CPU.Build.0 = Release|Any CPU
		{C911C32B-3E6A-4E62-9D71-67200E3DEBE1}.Release|Any CPU.Deploy.0 = Release|Any CPU
		{C911C32B-3E6A-4E62-9D71-67200E3DEBE1}.Release|ARM.ActiveCfg = Release|Any CPU
		{C911C32B-3E6A-4E62-9D71-67200E3DEBE1}.Release|ARM.Build.0 = Release|Any CPU
		{C911C32B-3E6A-4E62-9D71-67200E3DEBE1}.Release|ARM.Deploy.0 = Release|Any CPU
		{C911C32B-3E6A-4E62-9D71-67200E3DEBE1}.Release|iPhone.ActiveCfg = Release|Any CPU
		{C911C32B-3E6A-4E62-9D71-67200E3DEBE1}.Release|iPhone.Build.0 = Release|Any CPU
		{C911C32B-3E6A-4E62-9D71-67200E3DEBE1}.Release|iPhone.Deploy.0 = Release|Any CPU
		{C911C32B-3E6A-4E62-9D71-67200E3DEBE1}.Release|iPhoneSimulator.ActiveCfg = Release|Any CPU
		{C911C32B-3E6A-4E62-9D71-67200E3DEBE1}.Release|iPhoneSimulator.Build.0 = Release|Any CPU
		{C911C32B-3E6A-4E62-9D71-67200E3DEBE1}.Release|iPhoneSimulator.Deploy.0 = Release|Any CPU
		{C911C32B-3E6A-4E62-9D71-67200E3DEBE1}.Release|x64.ActiveCfg = Release|Any CPU
		{C911C32B-3E6A-4E62-9D71-67200E3DEBE1}.Release|x64.Build.0 = Release|Any CPU
		{C911C32B-3E6A-4E62-9D71-67200E3DEBE1}.Release|x64.Deploy.0 = Release|Any CPU
		{C911C32B-3E6A-4E62-9D71-67200E3DEBE1}.Release|x86.ActiveCfg = Release|Any CPU
		{C911C32B-3E6A-4E62-9D71-67200E3DEBE1}.Release|x86.Build.0 = Release|Any CPU
		{C911C32B-3E6A-4E62-9D71-67200E3DEBE1}.Release|x86.Deploy.0 = Release|Any CPU
		{6A3A61EB-9C08-4B7B-AF47-6B46B007321B}.Ad-Hoc|Any CPU.ActiveCfg = Ad-Hoc|iPhone
		{6A3A61EB-9C08-4B7B-AF47-6B46B007321B}.Ad-Hoc|Any CPU.Build.0 = Ad-Hoc|iPhone
		{6A3A61EB-9C08-4B7B-AF47-6B46B007321B}.Ad-Hoc|Any CPU.Deploy.0 = Ad-Hoc|iPhone
		{6A3A61EB-9C08-4B7B-AF47-6B46B007321B}.Ad-Hoc|ARM.ActiveCfg = Ad-Hoc|iPhone
		{6A3A61EB-9C08-4B7B-AF47-6B46B007321B}.Ad-Hoc|ARM.Build.0 = Ad-Hoc|iPhone
		{6A3A61EB-9C08-4B7B-AF47-6B46B007321B}.Ad-Hoc|ARM.Deploy.0 = Ad-Hoc|iPhone
		{6A3A61EB-9C08-4B7B-AF47-6B46B007321B}.Ad-Hoc|iPhone.ActiveCfg = Ad-Hoc|iPhone
		{6A3A61EB-9C08-4B7B-AF47-6B46B007321B}.Ad-Hoc|iPhone.Build.0 = Ad-Hoc|iPhone
		{6A3A61EB-9C08-4B7B-AF47-6B46B007321B}.Ad-Hoc|iPhone.Deploy.0 = Ad-Hoc|iPhone
		{6A3A61EB-9C08-4B7B-AF47-6B46B007321B}.Ad-Hoc|iPhoneSimulator.ActiveCfg = Ad-Hoc|iPhoneSimulator
		{6A3A61EB-9C08-4B7B-AF47-6B46B007321B}.Ad-Hoc|iPhoneSimulator.Build.0 = Ad-Hoc|iPhoneSimulator
		{6A3A61EB-9C08-4B7B-AF47-6B46B007321B}.Ad-Hoc|iPhoneSimulator.Deploy.0 = Ad-Hoc|iPhoneSimulator
		{6A3A61EB-9C08-4B7B-AF47-6B46B007321B}.Ad-Hoc|x64.ActiveCfg = Ad-Hoc|iPhone
		{6A3A61EB-9C08-4B7B-AF47-6B46B007321B}.Ad-Hoc|x64.Build.0 = Ad-Hoc|iPhone
		{6A3A61EB-9C08-4B7B-AF47-6B46B007321B}.Ad-Hoc|x64.Deploy.0 = Ad-Hoc|iPhone
		{6A3A61EB-9C08-4B7B-AF47-6B46B007321B}.Ad-Hoc|x86.ActiveCfg = Ad-Hoc|iPhone
		{6A3A61EB-9C08-4B7B-AF47-6B46B007321B}.Ad-Hoc|x86.Build.0 = Ad-Hoc|iPhone
		{6A3A61EB-9C08-4B7B-AF47-6B46B007321B}.Ad-Hoc|x86.Deploy.0 = Ad-Hoc|iPhone
		{6A3A61EB-9C08-4B7B-AF47-6B46B007321B}.AppStore|Any CPU.ActiveCfg = AppStore|iPhone
		{6A3A61EB-9C08-4B7B-AF47-6B46B007321B}.AppStore|Any CPU.Build.0 = AppStore|iPhone
		{6A3A61EB-9C08-4B7B-AF47-6B46B007321B}.AppStore|Any CPU.Deploy.0 = AppStore|iPhone
		{6A3A61EB-9C08-4B7B-AF47-6B46B007321B}.AppStore|ARM.ActiveCfg = AppStore|iPhone
		{6A3A61EB-9C08-4B7B-AF47-6B46B007321B}.AppStore|ARM.Build.0 = AppStore|iPhone
		{6A3A61EB-9C08-4B7B-AF47-6B46B007321B}.AppStore|ARM.Deploy.0 = AppStore|iPhone
		{6A3A61EB-9C08-4B7B-AF47-6B46B007321B}.AppStore|iPhone.ActiveCfg = AppStore|iPhone
		{6A3A61EB-9C08-4B7B-AF47-6B46B007321B}.AppStore|iPhone.Build.0 = AppStore|iPhone
		{6A3A61EB-9C08-4B7B-AF47-6B46B007321B}.AppStore|iPhone.Deploy.0 = AppStore|iPhone
		{6A3A61EB-9C08-4B7B-AF47-6B46B007321B}.AppStore|iPhoneSimulator.ActiveCfg = AppStore|iPhoneSimulator
		{6A3A61EB-9C08-4B7B-AF47-6B46B007321B}.AppStore|iPhoneSimulator.Build.0 = AppStore|iPhoneSimulator
		{6A3A61EB-9C08-4B7B-AF47-6B46B007321B}.AppStore|iPhoneSimulator.Deploy.0 = AppStore|iPhoneSimulator
		{6A3A61EB-9C08-4B7B-AF47-6B46B007321B}.AppStore|x64.ActiveCfg = AppStore|iPhone
		{6A3A61EB-9C08-4B7B-AF47-6B46B007321B}.AppStore|x64.Build.0 = AppStore|iPhone
		{6A3A61EB-9C08-4B7B-AF47-6B46B007321B}.AppStore|x64.Deploy.0 = AppStore|iPhone
		{6A3A61EB-9C08-4B7B-AF47-6B46B007321B}.AppStore|x86.ActiveCfg = AppStore|iPhone
		{6A3A61EB-9C08-4B7B-AF47-6B46B007321B}.AppStore|x86.Build.0 = AppStore|iPhone
		{6A3A61EB-9C08-4B7B-AF47-6B46B007321B}.AppStore|x86.Deploy.0 = AppStore|iPhone
		{6A3A61EB-9C08-4B7B-AF47-6B46B007321B}.Debug|Any CPU.ActiveCfg = Debug|iPhoneSimulator
		{6A3A61EB-9C08-4B7B-AF47-6B46B007321B}.Debug|Any CPU.Build.0 = Debug|iPhoneSimulator
		{6A3A61EB-9C08-4B7B-AF47-6B46B007321B}.Debug|Any CPU.Deploy.0 = Debug|iPhoneSimulator
		{6A3A61EB-9C08-4B7B-AF47-6B46B007321B}.Debug|ARM.ActiveCfg = Debug|iPhone
		{6A3A61EB-9C08-4B7B-AF47-6B46B007321B}.Debug|ARM.Build.0 = Debug|iPhone
		{6A3A61EB-9C08-4B7B-AF47-6B46B007321B}.Debug|ARM.Deploy.0 = Debug|iPhone
		{6A3A61EB-9C08-4B7B-AF47-6B46B007321B}.Debug|iPhone.ActiveCfg = Debug|iPhone
		{6A3A61EB-9C08-4B7B-AF47-6B46B007321B}.Debug|iPhone.Build.0 = Debug|iPhone
		{6A3A61EB-9C08-4B7B-AF47-6B46B007321B}.Debug|iPhone.Deploy.0 = Debug|iPhone
		{6A3A61EB-9C08-4B7B-AF47-6B46B007321B}.Debug|iPhoneSimulator.ActiveCfg = Debug|iPhoneSimulator
		{6A3A61EB-9C08-4B7B-AF47-6B46B007321B}.Debug|iPhoneSimulator.Build.0 = Debug|iPhoneSimulator
		{6A3A61EB-9C08-4B7B-AF47-6B46B007321B}.Debug|iPhoneSimulator.Deploy.0 = Debug|iPhoneSimulator
		{6A3A61EB-9C08-4B7B-AF47-6B46B007321B}.Debug|x64.ActiveCfg = Debug|iPhone
		{6A3A61EB-9C08-4B7B-AF47-6B46B007321B}.Debug|x64.Build.0 = Debug|iPhone
		{6A3A61EB-9C08-4B7B-AF47-6B46B007321B}.Debug|x64.Deploy.0 = Debug|iPhone
		{6A3A61EB-9C08-4B7B-AF47-6B46B007321B}.Debug|x86.ActiveCfg = Debug|iPhone
		{6A3A61EB-9C08-4B7B-AF47-6B46B007321B}.Debug|x86.Build.0 = Debug|iPhone
		{6A3A61EB-9C08-4B7B-AF47-6B46B007321B}.Debug|x86.Deploy.0 = Debug|iPhone
		{6A3A61EB-9C08-4B7B-AF47-6B46B007321B}.Release|Any CPU.ActiveCfg = Release|iPhone
		{6A3A61EB-9C08-4B7B-AF47-6B46B007321B}.Release|Any CPU.Build.0 = Release|iPhone
		{6A3A61EB-9C08-4B7B-AF47-6B46B007321B}.Release|Any CPU.Deploy.0 = Release|iPhone
		{6A3A61EB-9C08-4B7B-AF47-6B46B007321B}.Release|ARM.ActiveCfg = Release|iPhone
		{6A3A61EB-9C08-4B7B-AF47-6B46B007321B}.Release|ARM.Build.0 = Release|iPhone
		{6A3A61EB-9C08-4B7B-AF47-6B46B007321B}.Release|ARM.Deploy.0 = Release|iPhone
		{6A3A61EB-9C08-4B7B-AF47-6B46B007321B}.Release|iPhone.ActiveCfg = Release|iPhone
		{6A3A61EB-9C08-4B7B-AF47-6B46B007321B}.Release|iPhone.Build.0 = Release|iPhone
		{6A3A61EB-9C08-4B7B-AF47-6B46B007321B}.Release|iPhone.Deploy.0 = Release|iPhone
		{6A3A61EB-9C08-4B7B-AF47-6B46B007321B}.Release|iPhoneSimulator.ActiveCfg = Release|iPhoneSimulator
		{6A3A61EB-9C08-4B7B-AF47-6B46B007321B}.Release|iPhoneSimulator.Build.0 = Release|iPhoneSimulator
		{6A3A61EB-9C08-4B7B-AF47-6B46B007321B}.Release|iPhoneSimulator.Deploy.0 = Release|iPhoneSimulator
		{6A3A61EB-9C08-4B7B-AF47-6B46B007321B}.Release|x64.ActiveCfg = Release|iPhone
		{6A3A61EB-9C08-4B7B-AF47-6B46B007321B}.Release|x64.Build.0 = Release|iPhone
		{6A3A61EB-9C08-4B7B-AF47-6B46B007321B}.Release|x64.Deploy.0 = Release|iPhone
		{6A3A61EB-9C08-4B7B-AF47-6B46B007321B}.Release|x86.ActiveCfg = Release|iPhone
		{6A3A61EB-9C08-4B7B-AF47-6B46B007321B}.Release|x86.Build.0 = Release|iPhone
		{6A3A61EB-9C08-4B7B-AF47-6B46B007321B}.Release|x86.Deploy.0 = Release|iPhone
		{E3741BF8-BC56-4901-93DB-F0D37740D20A}.Ad-Hoc|Any CPU.ActiveCfg = Release|x86
		{E3741BF8-BC56-4901-93DB-F0D37740D20A}.Ad-Hoc|Any CPU.Build.0 = Release|x86
		{E3741BF8-BC56-4901-93DB-F0D37740D20A}.Ad-Hoc|Any CPU.Deploy.0 = Release|x86
		{E3741BF8-BC56-4901-93DB-F0D37740D20A}.Ad-Hoc|ARM.ActiveCfg = Release|ARM
		{E3741BF8-BC56-4901-93DB-F0D37740D20A}.Ad-Hoc|ARM.Build.0 = Release|ARM
		{E3741BF8-BC56-4901-93DB-F0D37740D20A}.Ad-Hoc|ARM.Deploy.0 = Release|ARM
		{E3741BF8-BC56-4901-93DB-F0D37740D20A}.Ad-Hoc|iPhone.ActiveCfg = Release|x86
		{E3741BF8-BC56-4901-93DB-F0D37740D20A}.Ad-Hoc|iPhone.Build.0 = Release|x86
		{E3741BF8-BC56-4901-93DB-F0D37740D20A}.Ad-Hoc|iPhone.Deploy.0 = Release|x86
		{E3741BF8-BC56-4901-93DB-F0D37740D20A}.Ad-Hoc|iPhoneSimulator.ActiveCfg = Release|x86
		{E3741BF8-BC56-4901-93DB-F0D37740D20A}.Ad-Hoc|iPhoneSimulator.Build.0 = Release|x86
		{E3741BF8-BC56-4901-93DB-F0D37740D20A}.Ad-Hoc|iPhoneSimulator.Deploy.0 = Release|x86
		{E3741BF8-BC56-4901-93DB-F0D37740D20A}.Ad-Hoc|x64.ActiveCfg = Release|x64
		{E3741BF8-BC56-4901-93DB-F0D37740D20A}.Ad-Hoc|x64.Build.0 = Release|x64
		{E3741BF8-BC56-4901-93DB-F0D37740D20A}.Ad-Hoc|x64.Deploy.0 = Release|x64
		{E3741BF8-BC56-4901-93DB-F0D37740D20A}.Ad-Hoc|x86.ActiveCfg = Release|x86
		{E3741BF8-BC56-4901-93DB-F0D37740D20A}.Ad-Hoc|x86.Build.0 = Release|x86
		{E3741BF8-BC56-4901-93DB-F0D37740D20A}.Ad-Hoc|x86.Deploy.0 = Release|x86
		{E3741BF8-BC56-4901-93DB-F0D37740D20A}.AppStore|Any CPU.ActiveCfg = Release|x86
		{E3741BF8-BC56-4901-93DB-F0D37740D20A}.AppStore|Any CPU.Build.0 = Release|x86
		{E3741BF8-BC56-4901-93DB-F0D37740D20A}.AppStore|Any CPU.Deploy.0 = Release|x86
		{E3741BF8-BC56-4901-93DB-F0D37740D20A}.AppStore|ARM.ActiveCfg = Release|ARM
		{E3741BF8-BC56-4901-93DB-F0D37740D20A}.AppStore|ARM.Build.0 = Release|ARM
		{E3741BF8-BC56-4901-93DB-F0D37740D20A}.AppStore|ARM.Deploy.0 = Release|ARM
		{E3741BF8-BC56-4901-93DB-F0D37740D20A}.AppStore|iPhone.ActiveCfg = Release|x86
		{E3741BF8-BC56-4901-93DB-F0D37740D20A}.AppStore|iPhone.Build.0 = Release|x86
		{E3741BF8-BC56-4901-93DB-F0D37740D20A}.AppStore|iPhone.Deploy.0 = Release|x86
		{E3741BF8-BC56-4901-93DB-F0D37740D20A}.AppStore|iPhoneSimulator.ActiveCfg = Release|x86
		{E3741BF8-BC56-4901-93DB-F0D37740D20A}.AppStore|iPhoneSimulator.Build.0 = Release|x86
		{E3741BF8-BC56-4901-93DB-F0D37740D20A}.AppStore|iPhoneSimulator.Deploy.0 = Release|x86
		{E3741BF8-BC56-4901-93DB-F0D37740D20A}.AppStore|x64.ActiveCfg = Release|x64
		{E3741BF8-BC56-4901-93DB-F0D37740D20A}.AppStore|x64.Build.0 = Release|x64
		{E3741BF8-BC56-4901-93DB-F0D37740D20A}.AppStore|x64.Deploy.0 = Release|x64
		{E3741BF8-BC56-4901-93DB-F0D37740D20A}.AppStore|x86.ActiveCfg = Release|x86
		{E3741BF8-BC56-4901-93DB-F0D37740D20A}.AppStore|x86.Build.0 = Release|x86
		{E3741BF8-BC56-4901-93DB-F0D37740D20A}.AppStore|x86.Deploy.0 = Release|x86
		{E3741BF8-BC56-4901-93DB-F0D37740D20A}.Debug|Any CPU.ActiveCfg = Debug|x86
		{E3741BF8-BC56-4901-93DB-F0D37740D20A}.Debug|Any CPU.Build.0 = Debug|x86
		{E3741BF8-BC56-4901-93DB-F0D37740D20A}.Debug|Any CPU.Deploy.0 = Debug|x86
		{E3741BF8-BC56-4901-93DB-F0D37740D20A}.Debug|ARM.ActiveCfg = Debug|ARM
		{E3741BF8-BC56-4901-93DB-F0D37740D20A}.Debug|ARM.Build.0 = Debug|ARM
		{E3741BF8-BC56-4901-93DB-F0D37740D20A}.Debug|ARM.Deploy.0 = Debug|ARM
		{E3741BF8-BC56-4901-93DB-F0D37740D20A}.Debug|iPhone.ActiveCfg = Debug|x86
		{E3741BF8-BC56-4901-93DB-F0D37740D20A}.Debug|iPhone.Build.0 = Debug|x86
		{E3741BF8-BC56-4901-93DB-F0D37740D20A}.Debug|iPhone.Deploy.0 = Debug|x86
		{E3741BF8-BC56-4901-93DB-F0D37740D20A}.Debug|iPhoneSimulator.ActiveCfg = Debug|x86
		{E3741BF8-BC56-4901-93DB-F0D37740D20A}.Debug|iPhoneSimulator.Build.0 = Debug|x86
		{E3741BF8-BC56-4901-93DB-F0D37740D20A}.Debug|iPhoneSimulator.Deploy.0 = Debug|x86
		{E3741BF8-BC56-4901-93DB-F0D37740D20A}.Debug|x64.ActiveCfg = Debug|x64
		{E3741BF8-BC56-4901-93DB-F0D37740D20A}.Debug|x64.Build.0 = Debug|x64
		{E3741BF8-BC56-4901-93DB-F0D37740D20A}.Debug|x64.Deploy.0 = Debug|x64
		{E3741BF8-BC56-4901-93DB-F0D37740D20A}.Debug|x86.ActiveCfg = Debug|x86
		{E3741BF8-BC56-4901-93DB-F0D37740D20A}.Debug|x86.Build.0 = Debug|x86
		{E3741BF8-BC56-4901-93DB-F0D37740D20A}.Debug|x86.Deploy.0 = Debug|x86
		{E3741BF8-BC56-4901-93DB-F0D37740D20A}.Release|Any CPU.ActiveCfg = Release|x86
		{E3741BF8-BC56-4901-93DB-F0D37740D20A}.Release|Any CPU.Build.0 = Release|x86
		{E3741BF8-BC56-4901-93DB-F0D37740D20A}.Release|Any CPU.Deploy.0 = Release|x86
		{E3741BF8-BC56-4901-93DB-F0D37740D20A}.Release|ARM.ActiveCfg = Release|ARM
		{E3741BF8-BC56-4901-93DB-F0D37740D20A}.Release|ARM.Build.0 = Release|ARM
		{E3741BF8-BC56-4901-93DB-F0D37740D20A}.Release|ARM.Deploy.0 = Release|ARM
		{E3741BF8-BC56-4901-93DB-F0D37740D20A}.Release|iPhone.ActiveCfg = Release|x86
		{E3741BF8-BC56-4901-93DB-F0D37740D20A}.Release|iPhone.Build.0 = Release|x86
		{E3741BF8-BC56-4901-93DB-F0D37740D20A}.Release|iPhone.Deploy.0 = Release|x86
		{E3741BF8-BC56-4901-93DB-F0D37740D20A}.Release|iPhoneSimulator.ActiveCfg = Release|x86
		{E3741BF8-BC56-4901-93DB-F0D37740D20A}.Release|iPhoneSimulator.Build.0 = Release|x86
		{E3741BF8-BC56-4901-93DB-F0D37740D20A}.Release|iPhoneSimulator.Deploy.0 = Release|x86
		{E3741BF8-BC56-4901-93DB-F0D37740D20A}.Release|x64.ActiveCfg = Release|x64
		{E3741BF8-BC56-4901-93DB-F0D37740D20A}.Release|x64.Build.0 = Release|x64
		{E3741BF8-BC56-4901-93DB-F0D37740D20A}.Release|x64.Deploy.0 = Release|x64
		{E3741BF8-BC56-4901-93DB-F0D37740D20A}.Release|x86.ActiveCfg = Release|x86
		{E3741BF8-BC56-4901-93DB-F0D37740D20A}.Release|x86.Build.0 = Release|x86
		{E3741BF8-BC56-4901-93DB-F0D37740D20A}.Release|x86.Deploy.0 = Release|x86
	EndGlobalSection
	GlobalSection(SolutionProperties) = preSolution
		HideSolutionNode = FALSE
	EndGlobalSection
	GlobalSection(ExtensibilityGlobals) = postSolution
		SolutionGuid = {5EDFBE29-C5A6-4096-AFE3-04FA0849AA7C}
	EndGlobalSection
EndGlobal
